// !$*UTF8*$!
{
	archiveVersion = 1;
	classes = {
	};
	objectVersion = 48;
	objects = {

/* Begin PBXBuildFile section */
		913F7EC52066DBBE00F35E9B /* AppDelegate.swift in Sources */ = {isa = PBXBuildFile; fileRef = 913F7EC42066DBBE00F35E9B /* AppDelegate.swift */; };
		913F7EC72066DBBE00F35E9B /* ViewController.swift in Sources */ = {isa = PBXBuildFile; fileRef = 913F7EC62066DBBE00F35E9B /* ViewController.swift */; };
		913F7EC92066DBBE00F35E9B /* Assets.xcassets in Resources */ = {isa = PBXBuildFile; fileRef = 913F7EC82066DBBE00F35E9B /* Assets.xcassets */; };
		913F7ECC2066DBBE00F35E9B /* Main.storyboard in Resources */ = {isa = PBXBuildFile; fileRef = 913F7ECA2066DBBE00F35E9B /* Main.storyboard */; };
/* End PBXBuildFile section */

/* Begin PBXFileReference section */
		913F7EC12066DBBE00F35E9B /* xSDR6000-master.app */ = {isa = PBXFileReference; explicitFileType = wrapper.application; includeInIndex = 0; path = "xSDR6000-master.app"; sourceTree = BUILT_PRODUCTS_DIR; };
		913F7EC42066DBBE00F35E9B /* AppDelegate.swift */ = {isa = PBXFileReference; lastKnownFileType = sourcecode.swift; path = AppDelegate.swift; sourceTree = "<group>"; };
		913F7EC62066DBBE00F35E9B /* ViewController.swift */ = {isa = PBXFileReference; lastKnownFileType = sourcecode.swift; path = ViewController.swift; sourceTree = "<group>"; };
		913F7EC82066DBBE00F35E9B /* Assets.xcassets */ = {isa = PBXFileReference; lastKnownFileType = folder.assetcatalog; path = Assets.xcassets; sourceTree = "<group>"; };
		913F7ECB2066DBBE00F35E9B /* Base */ = {isa = PBXFileReference; lastKnownFileType = file.storyboard; name = Base; path = Base.lproj/Main.storyboard; sourceTree = "<group>"; };
		913F7ECD2066DBBE00F35E9B /* Info.plist */ = {isa = PBXFileReference; lastKnownFileType = text.plist.xml; path = Info.plist; sourceTree = "<group>"; };
		913F7ECE2066DBBE00F35E9B /* xSDR6000_master.entitlements */ = {isa = PBXFileReference; lastKnownFileType = text.plist.entitlements; path = xSDR6000_master.entitlements; sourceTree = "<group>"; };
/* End PBXFileReference section */

/* Begin PBXFrameworksBuildPhase section */
		913F7EBE2066DBBE00F35E9B /* Frameworks */ = {
			isa = PBXFrameworksBuildPhase;
			buildActionMask = 2147483647;
			files = (
			);
			runOnlyForDeploymentPostprocessing = 0;
		};
/* End PBXFrameworksBuildPhase section */

/* Begin PBXGroup section */
		913F7EB82066DBBE00F35E9B = {
			isa = PBXGroup;
			children = (
				913F7EC32066DBBE00F35E9B /* xSDR6000-master */,
				913F7EC22066DBBE00F35E9B /* Products */,
			);
			sourceTree = "<group>";
		};
		913F7EC22066DBBE00F35E9B /* Products */ = {
			isa = PBXGroup;
			children = (
				913F7EC12066DBBE00F35E9B /* xSDR6000-master.app */,
			);
			name = Products;
			sourceTree = "<group>";
		};
		913F7EC32066DBBE00F35E9B /* xSDR6000-master */ = {
			isa = PBXGroup;
			children = (
				913F7EC42066DBBE00F35E9B /* AppDelegate.swift */,
				913F7EC62066DBBE00F35E9B /* ViewController.swift */,
				913F7EC82066DBBE00F35E9B /* Assets.xcassets */,
				913F7ECA2066DBBE00F35E9B /* Main.storyboard */,
				913F7ECD2066DBBE00F35E9B /* Info.plist */,
				913F7ECE2066DBBE00F35E9B /* xSDR6000_master.entitlements */,
			);
			path = "xSDR6000-master";
			sourceTree = "<group>";
		};
/* End PBXGroup section */

/* Begin PBXNativeTarget section */
		913F7EC02066DBBE00F35E9B /* xSDR6000-master */ = {
			isa = PBXNativeTarget;
			buildConfigurationList = 913F7ED12066DBBE00F35E9B /* Build configuration list for PBXNativeTarget "xSDR6000-master" */;
			buildPhases = (
				913F7EBD2066DBBE00F35E9B /* Sources */,
				913F7EBE2066DBBE00F35E9B /* Frameworks */,
				913F7EBF2066DBBE00F35E9B /* Resources */,
			);
			buildRules = (
			);
			dependencies = (
			);
			name = "xSDR6000-master";
			productName = "xSDR6000-master";
			productReference = 913F7EC12066DBBE00F35E9B /* xSDR6000-master.app */;
			productType = "com.apple.product-type.application";
		};
/* End PBXNativeTarget section */

/* Begin PBXProject section */
		913F7EB92066DBBE00F35E9B /* Project object */ = {
			isa = PBXProject;
			attributes = {
				LastSwiftUpdateCheck = 0920;
				LastUpgradeCheck = 0920;
				ORGANIZATIONNAME = "Douglas Adams";
				TargetAttributes = {
					913F7EC02066DBBE00F35E9B = {
						CreatedOnToolsVersion = 9.2;
						ProvisioningStyle = Automatic;
					};
				};
			};
			buildConfigurationList = 913F7EBC2066DBBE00F35E9B /* Build configuration list for PBXProject "xSDR6000-master" */;
			compatibilityVersion = "Xcode 8.0";
			developmentRegion = en;
			hasScannedForEncodings = 0;
			knownRegions = (
				en,
				Base,
			);
			mainGroup = 913F7EB82066DBBE00F35E9B;
			productRefGroup = 913F7EC22066DBBE00F35E9B /* Products */;
			projectDirPath = "";
			projectRoot = "";
			targets = (
				913F7EC02066DBBE00F35E9B /* xSDR6000-master */,
			);
		};
/* End PBXProject section */

/* Begin PBXResourcesBuildPhase section */
		913F7EBF2066DBBE00F35E9B /* Resources */ = {
			isa = PBXResourcesBuildPhase;
			buildActionMask = 2147483647;
			files = (
				913F7EC92066DBBE00F35E9B /* Assets.xcassets in Resources */,
				913F7ECC2066DBBE00F35E9B /* Main.storyboard in Resources */,
			);
			runOnlyForDeploymentPostprocessing = 0;
		};
/* End PBXResourcesBuildPhase section */

/* Begin PBXSourcesBuildPhase section */
		913F7EBD2066DBBE00F35E9B /* Sources */ = {
			isa = PBXSourcesBuildPhase;
			buildActionMask = 2147483647;
			files = (
				913F7EC72066DBBE00F35E9B /* ViewController.swift in Sources */,
				913F7EC52066DBBE00F35E9B /* AppDelegate.swift in Sources */,
			);
			runOnlyForDeploymentPostprocessing = 0;
		};
/* End PBXSourcesBuildPhase section */

/* Begin PBXVariantGroup section */
		913F7ECA2066DBBE00F35E9B /* Main.storyboard */ = {
			isa = PBXVariantGroup;
			children = (
				913F7ECB2066DBBE00F35E9B /* Base */,
			);
			name = Main.storyboard;
			sourceTree = "<group>";
		};
/* End PBXVariantGroup section */

/* Begin XCBuildConfiguration section */
		913F7ECF2066DBBE00F35E9B /* Debug */ = {
			isa = XCBuildConfiguration;
			buildSettings = {
				ALWAYS_SEARCH_USER_PATHS = NO;
				CLANG_ANALYZER_NONNULL = YES;
				CLANG_ANALYZER_NUMBER_OBJECT_CONVERSION = YES_AGGRESSIVE;
				CLANG_CXX_LANGUAGE_STANDARD = "gnu++14";
				CLANG_CXX_LIBRARY = "libc++";
				CLANG_ENABLE_MODULES = YES;
				CLANG_ENABLE_OBJC_ARC = YES;
				CLANG_WARN_BLOCK_CAPTURE_AUTORELEASING = YES;
				CLANG_WARN_BOOL_CONVERSION = YES;
				CLANG_WARN_COMMA = YES;
				CLANG_WARN_CONSTANT_CONVERSION = YES;
				CLANG_WARN_DIRECT_OBJC_ISA_USAGE = YES_ERROR;
				CLANG_WARN_DOCUMENTATION_COMMENTS = YES;
				CLANG_WARN_EMPTY_BODY = YES;
				CLANG_WARN_ENUM_CONVERSION = YES;
				CLANG_WARN_INFINITE_RECURSION = YES;
				CLANG_WARN_INT_CONVERSION = YES;
				CLANG_WARN_NON_LITERAL_NULL_CONVERSION = YES;
				CLANG_WARN_OBJC_LITERAL_CONVERSION = YES;
				CLANG_WARN_OBJC_ROOT_CLASS = YES_ERROR;
				CLANG_WARN_RANGE_LOOP_ANALYSIS = YES;
				CLANG_WARN_STRICT_PROTOTYPES = YES;
				CLANG_WARN_SUSPICIOUS_MOVE = YES;
				CLANG_WARN_UNGUARDED_AVAILABILITY = YES_AGGRESSIVE;
				CLANG_WARN_UNREACHABLE_CODE = YES;
				CLANG_WARN__DUPLICATE_METHOD_MATCH = YES;
				CODE_SIGN_IDENTITY = "-";
				COPY_PHASE_STRIP = NO;
				DEBUG_INFORMATION_FORMAT = dwarf;
				ENABLE_STRICT_OBJC_MSGSEND = YES;
				ENABLE_TESTABILITY = YES;
				GCC_C_LANGUAGE_STANDARD = gnu11;
				GCC_DYNAMIC_NO_PIC = NO;
				GCC_NO_COMMON_BLOCKS = YES;
				GCC_OPTIMIZATION_LEVEL = 0;
				GCC_PREPROCESSOR_DEFINITIONS = (
					"DEBUG=1",
					"$(inherited)",
				);
				GCC_WARN_64_TO_32_BIT_CONVERSION = YES;
				GCC_WARN_ABOUT_RETURN_TYPE = YES_ERROR;
				GCC_WARN_UNDECLARED_SELECTOR = YES;
				GCC_WARN_UNINITIALIZED_AUTOS = YES_AGGRESSIVE;
				GCC_WARN_UNUSED_FUNCTION = YES;
				GCC_WARN_UNUSED_VARIABLE = YES;
				MACOSX_DEPLOYMENT_TARGET = 10.13;
				MTL_ENABLE_DEBUG_INFO = YES;
				ONLY_ACTIVE_ARCH = YES;
				SDKROOT = macosx;
				SWIFT_ACTIVE_COMPILATION_CONDITIONS = DEBUG;
				SWIFT_OPTIMIZATION_LEVEL = "-Onone";
			};
			name = Debug;
		};
		913F7ED02066DBBE00F35E9B /* Release */ = {
			isa = XCBuildConfiguration;
			buildSettings = {
				ALWAYS_SEARCH_USER_PATHS = NO;
				CLANG_ANALYZER_NONNULL = YES;
				CLANG_ANALYZER_NUMBER_OBJECT_CONVERSION = YES_AGGRESSIVE;
				CLANG_CXX_LANGUAGE_STANDARD = "gnu++14";
				CLANG_CXX_LIBRARY = "libc++";
				CLANG_ENABLE_MODULES = YES;
				CLANG_ENABLE_OBJC_ARC = YES;
				CLANG_WARN_BLOCK_CAPTURE_AUTORELEASING = YES;
				CLANG_WARN_BOOL_CONVERSION = YES;
				CLANG_WARN_COMMA = YES;
				CLANG_WARN_CONSTANT_CONVERSION = YES;
				CLANG_WARN_DIRECT_OBJC_ISA_USAGE = YES_ERROR;
				CLANG_WARN_DOCUMENTATION_COMMENTS = YES;
				CLANG_WARN_EMPTY_BODY = YES;
				CLANG_WARN_ENUM_CONVERSION = YES;
				CLANG_WARN_INFINITE_RECURSION = YES;
				CLANG_WARN_INT_CONVERSION = YES;
				CLANG_WARN_NON_LITERAL_NULL_CONVERSION = YES;
				CLANG_WARN_OBJC_LITERAL_CONVERSION = YES;
				CLANG_WARN_OBJC_ROOT_CLASS = YES_ERROR;
				CLANG_WARN_RANGE_LOOP_ANALYSIS = YES;
				CLANG_WARN_STRICT_PROTOTYPES = YES;
				CLANG_WARN_SUSPICIOUS_MOVE = YES;
				CLANG_WARN_UNGUARDED_AVAILABILITY = YES_AGGRESSIVE;
				CLANG_WARN_UNREACHABLE_CODE = YES;
				CLANG_WARN__DUPLICATE_METHOD_MATCH = YES;
				CODE_SIGN_IDENTITY = "-";
				COPY_PHASE_STRIP = NO;
				DEBUG_INFORMATION_FORMAT = "dwarf-with-dsym";
				ENABLE_NS_ASSERTIONS = NO;
				ENABLE_STRICT_OBJC_MSGSEND = YES;
				GCC_C_LANGUAGE_STANDARD = gnu11;
				GCC_NO_COMMON_BLOCKS = YES;
				GCC_WARN_64_TO_32_BIT_CONVERSION = YES;
				GCC_WARN_ABOUT_RETURN_TYPE = YES_ERROR;
				GCC_WARN_UNDECLARED_SELECTOR = YES;
				GCC_WARN_UNINITIALIZED_AUTOS = YES_AGGRESSIVE;
				GCC_WARN_UNUSED_FUNCTION = YES;
				GCC_WARN_UNUSED_VARIABLE = YES;
				MACOSX_DEPLOYMENT_TARGET = 10.13;
				MTL_ENABLE_DEBUG_INFO = NO;
				SDKROOT = macosx;
				SWIFT_OPTIMIZATION_LEVEL = "-Owholemodule";
			};
			name = Release;
		};
		913F7ED22066DBBE00F35E9B /* Debug */ = {
			isa = XCBuildConfiguration;
			buildSettings = {
				ASSETCATALOG_COMPILER_APPICON_NAME = AppIcon;
				CODE_SIGN_ENTITLEMENTS = "xSDR6000-master/xSDR6000_master.entitlements";
				CODE_SIGN_STYLE = Automatic;
				COMBINE_HIDPI_IMAGES = YES;
				INFOPLIST_FILE = "xSDR6000-master/Info.plist";
				LD_RUNPATH_SEARCH_PATHS = "$(inherited) @executable_path/../Frameworks";
				PRODUCT_BUNDLE_IDENTIFIER = "net.k3tzr.xSDR6000-master";
				PRODUCT_NAME = "$(TARGET_NAME)";
				SWIFT_VERSION = 4.0;
			};
			name = Debug;
		};
		913F7ED32066DBBE00F35E9B /* Release */ = {
			isa = XCBuildConfiguration;
			buildSettings = {
				ASSETCATALOG_COMPILER_APPICON_NAME = AppIcon;
				CODE_SIGN_ENTITLEMENTS = "xSDR6000-master/xSDR6000_master.entitlements";
				CODE_SIGN_STYLE = Automatic;
				COMBINE_HIDPI_IMAGES = YES;
				INFOPLIST_FILE = "xSDR6000-master/Info.plist";
				LD_RUNPATH_SEARCH_PATHS = "$(inherited) @executable_path/../Frameworks";
				PRODUCT_BUNDLE_IDENTIFIER = "net.k3tzr.xSDR6000-master";
				PRODUCT_NAME = "$(TARGET_NAME)";
				SWIFT_VERSION = 4.0;
			};
			name = Release;
		};
/* End XCBuildConfiguration section */

/* Begin XCConfigurationList section */
		913F7EBC2066DBBE00F35E9B /* Build configuration list for PBXProject "xSDR6000-master" */ = {
			isa = XCConfigurationList;
			buildConfigurations = (
				913F7ECF2066DBBE00F35E9B /* Debug */,
				913F7ED02066DBBE00F35E9B /* Release */,
			);
			defaultConfigurationIsVisible = 0;
			defaultConfigurationName = Release;
		};
		913F7ED12066DBBE00F35E9B /* Build configuration list for PBXNativeTarget "xSDR6000-master" */ = {
			isa = XCConfigurationList;
			buildConfigurations = (
				913F7ED22066DBBE00F35E9B /* Debug */,
				913F7ED32066DBBE00F35E9B /* Release */,
			);
			defaultConfigurationIsVisible = 0;
			defaultConfigurationName = Release;
		};
/* End XCConfigurationList section */
	};
	rootObject = 913F7EB92066DBBE00F35E9B /* Project object */;
}
